dependencies:
  espressif/esp-dsp:
    component_hash: 3e7bbd487f1357a1d4944d0c85966d049501ea281b8a4c7f93f7cfedd5b7f23d
    source:
      service_url: https://api.components.espressif.com/
      type: service
    version: 1.4.12
  idf:
    component_hash: null
    source:
      type: idf
    version: 4.4.7
manifest_hash: 7c45af2be068c09db1ed8fbdcd8fd7478ae1b7e0f9017a6ec4734196f4baf004
target: esp32s3
version: 1.0.0
